
Microsoft Visual Studio Solution File, Format Version 12.00
# Visual Studio 15
VisualStudioVersion = 15.0.26430.6
MinimumVisualStudioVersion = 10.0.40219.1
Project("{2150E333-8FDC-42A3-9474-1A3956D46DE8}") = "src", "src", "{4D52BFA4-0CDE-432E-840B-33DA2C077E19}"
EndProject
Project("{2150E333-8FDC-42A3-9474-1A3956D46DE8}") = "Common", "Common", "{EB3554B7-1341-42FA-AC47-64883FEE64ED}"
	ProjectSection(SolutionItems) = preProject
		CommonVersion.cs = CommonVersion.cs
		GlobalSuppressions.cs = GlobalSuppressions.cs
	EndProjectSection
EndProject
Global
	GlobalSection(SolutionConfigurationPlatforms) = preSolution
		Debug|ARM = Debug|ARM
		Debug|x64 = Debug|x64
		Debug|x86 = Debug|x86
		Release|ARM = Release|ARM
		Release|x64 = Release|x64
		Release|x86 = Release|x86
	EndGlobalSection
	GlobalSection(SolutionProperties) = preSolution
		HideSolutionNode = FALSE
	EndGlobalSection
	GlobalSection(NestedProjects) = preSolution
		{EB3554B7-1341-42FA-AC47-64883FEE64ED} = {4D52BFA4-0CDE-432E-840B-33DA2C077E19}
	EndGlobalSection
EndGlobal
